
Microsoft Visual Studio Solution File, Format Version 12.00
# Visual Studio Version 17
VisualStudioVersion = 17.4.33110.190
MinimumVisualStudioVersion = 10.0.40219.1
Project("{2150E333-8FDC-42A3-9474-1A3956D46DE8}") = "01. Api", "01. Api", "{116FB852-3218-4F7A-8C0B-29DCA6254278}"
EndProject
Project("{2150E333-8FDC-42A3-9474-1A3956D46DE8}") = "02. Business", "02. Business", "{CB080C02-EE64-4143-BAAF-7042B3AC4FDF}"
EndProject
Project("{2150E333-8FDC-42A3-9474-1A3956D46DE8}") = "03. Data", "03. Data", "{961C3AE0-4A99-4BB8-918A-1EB7ABAC4B63}"
EndProject
Project("{2150E333-8FDC-42A3-9474-1A3956D46DE8}") = "04. Repository", "04. Repository", "{D77D76AC-F1DA-42B7-9D7D-7620B41AB136}"
EndProject
Project("{2150E333-8FDC-42A3-9474-1A3956D46DE8}") = "06. Transversal", "06. Transversal", "{E8F3A872-A0FA-4FFC-BA19-055A25503963}"
EndProject
Project("{9A19103F-16F7-4668-BE54-9A1E7A4F7556}") = "Api", "Api\Api.csproj", "{E7A26133-E826-4561-AAB7-42576B473E46}"
EndProject
Project("{9A19103F-16F7-4668-BE54-9A1E7A4F7556}") = "Business.Movements", "Business.Movements\Business.Movements.csproj", "{0B2A79E5-D8A7-4531-B24A-F4E9DE7E298D}"
EndProject
Project("{9A19103F-16F7-4668-BE54-9A1E7A4F7556}") = "Data.Movements", "Data.Movements\Data.Movements.csproj", "{C480B7EC-E2F1-46E6-B036-38A30B4CC7F1}"
EndProject
Project("{9A19103F-16F7-4668-BE54-9A1E7A4F7556}") = "Repository", "Repository\Repository.csproj", "{126673FC-E8FF-407B-AE79-7C2E4C1E336E}"
EndProject
Project("{9A19103F-16F7-4668-BE54-9A1E7A4F7556}") = "Transversal.Entities", "Transversal.Entities\Transversal.Entities.csproj", "{6756575E-8138-47EE-A50B-66523809FA34}"
EndProject
Project("{9A19103F-16F7-4668-BE54-9A1E7A4F7556}") = "Data.Accounts", "Data.Accounts\Data.Accounts.csproj", "{083C0C79-A67C-4AEF-BB09-B86E78776B38}"
EndProject
Project("{9A19103F-16F7-4668-BE54-9A1E7A4F7556}") = "Data.Clients", "Data.Clients\Data.Clients.csproj", "{8FDE084E-BA98-4084-9376-3654A68F733C}"
EndProject
Project("{9A19103F-16F7-4668-BE54-9A1E7A4F7556}") = "Transversal.Strategy", "Transversal.Strategy\Transversal.Strategy.csproj", "{DE00CC59-4891-4171-B7AC-6C77BCECFB02}"
EndProject
Project("{9A19103F-16F7-4668-BE54-9A1E7A4F7556}") = "Transversal.Exceptions", "Transversal.Exceptions\Transversal.Exceptions.csproj", "{A0514926-E188-411E-8404-0119A41CF9DC}"
EndProject
Project("{9A19103F-16F7-4668-BE54-9A1E7A4F7556}") = "Transversal.Events", "Transversal.Events\Transversal.Events.csproj", "{17FC4A14-F3FF-4AB9-A9B0-8F80DF6B9A03}"
EndProject
Project("{9A19103F-16F7-4668-BE54-9A1E7A4F7556}") = "Business.Transversal", "Business.Transversal\Business.Transversal.csproj", "{F55435DC-4EDB-4394-9F06-5BC34249FF26}"
EndProject
Project("{9A19103F-16F7-4668-BE54-9A1E7A4F7556}") = "Data.EntityFramework", "Data.EntityFramework\Data.EntityFramework.csproj", "{4E11E8D8-5761-453C-AD23-036BE76D0EA6}"
EndProject
Project("{9A19103F-16F7-4668-BE54-9A1E7A4F7556}") = "Business.Reports", "Business.Reports\Business.Reports.csproj", "{78E6A72C-AC8E-461C-9417-DA0283CC5FD4}"
EndProject
Project("{2150E333-8FDC-42A3-9474-1A3956D46DE8}") = "07. Test", "07. Test", "{E9D6A74A-06B9-41CB-85E2-069610C26862}"
EndProject
Project("{2150E333-8FDC-42A3-9474-1A3956D46DE8}") = "05. Services", "05. Services", "{79B9451F-6503-493A-AE7A-191E554AE0F1}"
EndProject
Project("{9A19103F-16F7-4668-BE54-9A1E7A4F7556}") = "Services", "Services\Services.csproj", "{30EB7A14-7228-4FD7-9AB0-660581C87CD6}"
EndProject
Project("{FAE04EC0-301F-11D3-BF4B-00C04F79EFBC}") = "Test.Business.Movements", "Test.Business.Movements\Test.Business.Movements.csproj", "{E8460A0E-B97B-42FD-A0E0-260353ECC879}"
EndProject
Project("{FAE04EC0-301F-11D3-BF4B-00C04F79EFBC}") = "Test.Business.Reports", "Test.Business.Reports\Test.Business.Reports.csproj", "{BA264F51-3625-46A6-B501-325E911CE0E1}"
EndProject
Project("{FAE04EC0-301F-11D3-BF4B-00C04F79EFBC}") = "Test.Business.Transversal", "Test.Business.Transversal\Test.Business.Transversal.csproj", "{70F4B313-C26C-4D10-929D-750497439F73}"
EndProject
Project("{FAE04EC0-301F-11D3-BF4B-00C04F79EFBC}") = "Test.Data.Accounts", "Test.Data.Accounts\Test.Data.Accounts.csproj", "{30342C3E-DAB4-4E0F-91BA-497123F26700}"
EndProject
Project("{FAE04EC0-301F-11D3-BF4B-00C04F79EFBC}") = "Test.Data.Clients", "Test.Data.Clients\Test.Data.Clients.csproj", "{899C5869-BD81-49BE-9C30-25520818094A}"
EndProject
Project("{FAE04EC0-301F-11D3-BF4B-00C04F79EFBC}") = "Test.Data.Movements", "Test.Data.Movements\Test.Data.Movements.csproj", "{C21D25A5-07D2-40BA-BC84-DB75BDC6A98B}"
EndProject
Project("{2150E333-8FDC-42A3-9474-1A3956D46DE8}") = "UnitTest", "UnitTest", "{99D064C5-01CE-4FE9-8766-7FB420A425F6}"
EndProject
Project("{2150E333-8FDC-42A3-9474-1A3956D46DE8}") = "IntegrationTest", "IntegrationTest", "{4579DCA9-ECB1-4FCA-8906-7FB521B68DCC}"
EndProject
Project("{FAE04EC0-301F-11D3-BF4B-00C04F79EFBC}") = "Test.Integration", "Test.Integration\Test.Integration.csproj", "{7B1FC6F7-D94D-4533-B084-D6CDD46ADFEB}"
EndProject
Global
	GlobalSection(SolutionConfigurationPlatforms) = preSolution
		Debug|Any CPU = Debug|Any CPU
		Release|Any CPU = Release|Any CPU
	EndGlobalSection
	GlobalSection(ProjectConfigurationPlatforms) = postSolution
		{E7A26133-E826-4561-AAB7-42576B473E46}.Debug|Any CPU.ActiveCfg = Debug|Any CPU
		{E7A26133-E826-4561-AAB7-42576B473E46}.Debug|Any CPU.Build.0 = Debug|Any CPU
		{E7A26133-E826-4561-AAB7-42576B473E46}.Release|Any CPU.ActiveCfg = Release|Any CPU
		{E7A26133-E826-4561-AAB7-42576B473E46}.Release|Any CPU.Build.0 = Release|Any CPU
		{0B2A79E5-D8A7-4531-B24A-F4E9DE7E298D}.Debug|Any CPU.ActiveCfg = Debug|Any CPU
		{0B2A79E5-D8A7-4531-B24A-F4E9DE7E298D}.Debug|Any CPU.Build.0 = Debug|Any CPU
		{0B2A79E5-D8A7-4531-B24A-F4E9DE7E298D}.Release|Any CPU.ActiveCfg = Release|Any CPU
		{0B2A79E5-D8A7-4531-B24A-F4E9DE7E298D}.Release|Any CPU.Build.0 = Release|Any CPU
		{C480B7EC-E2F1-46E6-B036-38A30B4CC7F1}.Debug|Any CPU.ActiveCfg = Debug|Any CPU
		{C480B7EC-E2F1-46E6-B036-38A30B4CC7F1}.Debug|Any CPU.Build.0 = Debug|Any CPU
		{C480B7EC-E2F1-46E6-B036-38A30B4CC7F1}.Release|Any CPU.ActiveCfg = Release|Any CPU
		{C480B7EC-E2F1-46E6-B036-38A30B4CC7F1}.Release|Any CPU.Build.0 = Release|Any CPU
		{126673FC-E8FF-407B-AE79-7C2E4C1E336E}.Debug|Any CPU.ActiveCfg = Debug|Any CPU
		{126673FC-E8FF-407B-AE79-7C2E4C1E336E}.Debug|Any CPU.Build.0 = Debug|Any CPU
		{126673FC-E8FF-407B-AE79-7C2E4C1E336E}.Release|Any CPU.ActiveCfg = Release|Any CPU
		{126673FC-E8FF-407B-AE79-7C2E4C1E336E}.Release|Any CPU.Build.0 = Release|Any CPU
		{6756575E-8138-47EE-A50B-66523809FA34}.Debug|Any CPU.ActiveCfg = Debug|Any CPU
		{6756575E-8138-47EE-A50B-66523809FA34}.Debug|Any CPU.Build.0 = Debug|Any CPU
		{6756575E-8138-47EE-A50B-66523809FA34}.Release|Any CPU.ActiveCfg = Release|Any CPU
		{6756575E-8138-47EE-A50B-66523809FA34}.Release|Any CPU.Build.0 = Release|Any CPU
		{083C0C79-A67C-4AEF-BB09-B86E78776B38}.Debug|Any CPU.ActiveCfg = Debug|Any CPU
		{083C0C79-A67C-4AEF-BB09-B86E78776B38}.Debug|Any CPU.Build.0 = Debug|Any CPU
		{083C0C79-A67C-4AEF-BB09-B86E78776B38}.Release|Any CPU.ActiveCfg = Release|Any CPU
		{083C0C79-A67C-4AEF-BB09-B86E78776B38}.Release|Any CPU.Build.0 = Release|Any CPU
		{8FDE084E-BA98-4084-9376-3654A68F733C}.Debug|Any CPU.ActiveCfg = Debug|Any CPU
		{8FDE084E-BA98-4084-9376-3654A68F733C}.Debug|Any CPU.Build.0 = Debug|Any CPU
		{8FDE084E-BA98-4084-9376-3654A68F733C}.Release|Any CPU.ActiveCfg = Release|Any CPU
		{8FDE084E-BA98-4084-9376-3654A68F733C}.Release|Any CPU.Build.0 = Release|Any CPU
		{DE00CC59-4891-4171-B7AC-6C77BCECFB02}.Debug|Any CPU.ActiveCfg = Debug|Any CPU
		{DE00CC59-4891-4171-B7AC-6C77BCECFB02}.Debug|Any CPU.Build.0 = Debug|Any CPU
		{DE00CC59-4891-4171-B7AC-6C77BCECFB02}.Release|Any CPU.ActiveCfg = Release|Any CPU
		{DE00CC59-4891-4171-B7AC-6C77BCECFB02}.Release|Any CPU.Build.0 = Release|Any CPU
		{A0514926-E188-411E-8404-0119A41CF9DC}.Debug|Any CPU.ActiveCfg = Debug|Any CPU
		{A0514926-E188-411E-8404-0119A41CF9DC}.Debug|Any CPU.Build.0 = Debug|Any CPU
		{A0514926-E188-411E-8404-0119A41CF9DC}.Release|Any CPU.ActiveCfg = Release|Any CPU
		{A0514926-E188-411E-8404-0119A41CF9DC}.Release|Any CPU.Build.0 = Release|Any CPU
		{17FC4A14-F3FF-4AB9-A9B0-8F80DF6B9A03}.Debug|Any CPU.ActiveCfg = Debug|Any CPU
		{17FC4A14-F3FF-4AB9-A9B0-8F80DF6B9A03}.Debug|Any CPU.Build.0 = Debug|Any CPU
		{17FC4A14-F3FF-4AB9-A9B0-8F80DF6B9A03}.Release|Any CPU.ActiveCfg = Release|Any CPU
		{17FC4A14-F3FF-4AB9-A9B0-8F80DF6B9A03}.Release|Any CPU.Build.0 = Release|Any CPU
		{F55435DC-4EDB-4394-9F06-5BC34249FF26}.Debug|Any CPU.ActiveCfg = Debug|Any CPU
		{F55435DC-4EDB-4394-9F06-5BC34249FF26}.Debug|Any CPU.Build.0 = Debug|Any CPU
		{F55435DC-4EDB-4394-9F06-5BC34249FF26}.Release|Any CPU.ActiveCfg = Release|Any CPU
		{F55435DC-4EDB-4394-9F06-5BC34249FF26}.Release|Any CPU.Build.0 = Release|Any CPU
		{4E11E8D8-5761-453C-AD23-036BE76D0EA6}.Debug|Any CPU.ActiveCfg = Debug|Any CPU
		{4E11E8D8-5761-453C-AD23-036BE76D0EA6}.Debug|Any CPU.Build.0 = Debug|Any CPU
		{4E11E8D8-5761-453C-AD23-036BE76D0EA6}.Release|Any CPU.ActiveCfg = Release|Any CPU
		{4E11E8D8-5761-453C-AD23-036BE76D0EA6}.Release|Any CPU.Build.0 = Release|Any CPU
		{78E6A72C-AC8E-461C-9417-DA0283CC5FD4}.Debug|Any CPU.ActiveCfg = Debug|Any CPU
		{78E6A72C-AC8E-461C-9417-DA0283CC5FD4}.Debug|Any CPU.Build.0 = Debug|Any CPU
		{78E6A72C-AC8E-461C-9417-DA0283CC5FD4}.Release|Any CPU.ActiveCfg = Release|Any CPU
		{78E6A72C-AC8E-461C-9417-DA0283CC5FD4}.Release|Any CPU.Build.0 = Release|Any CPU
		{30EB7A14-7228-4FD7-9AB0-660581C87CD6}.Debug|Any CPU.ActiveCfg = Debug|Any CPU
		{30EB7A14-7228-4FD7-9AB0-660581C87CD6}.Debug|Any CPU.Build.0 = Debug|Any CPU
		{30EB7A14-7228-4FD7-9AB0-660581C87CD6}.Release|Any CPU.ActiveCfg = Release|Any CPU
		{30EB7A14-7228-4FD7-9AB0-660581C87CD6}.Release|Any CPU.Build.0 = Release|Any CPU
		{E8460A0E-B97B-42FD-A0E0-260353ECC879}.Debug|Any CPU.ActiveCfg = Debug|Any CPU
		{E8460A0E-B97B-42FD-A0E0-260353ECC879}.Debug|Any CPU.Build.0 = Debug|Any CPU
		{E8460A0E-B97B-42FD-A0E0-260353ECC879}.Release|Any CPU.ActiveCfg = Release|Any CPU
		{E8460A0E-B97B-42FD-A0E0-260353ECC879}.Release|Any CPU.Build.0 = Release|Any CPU
		{BA264F51-3625-46A6-B501-325E911CE0E1}.Debug|Any CPU.ActiveCfg = Debug|Any CPU
		{BA264F51-3625-46A6-B501-325E911CE0E1}.Debug|Any CPU.Build.0 = Debug|Any CPU
		{BA264F51-3625-46A6-B501-325E911CE0E1}.Release|Any CPU.ActiveCfg = Release|Any CPU
		{BA264F51-3625-46A6-B501-325E911CE0E1}.Release|Any CPU.Build.0 = Release|Any CPU
		{70F4B313-C26C-4D10-929D-750497439F73}.Debug|Any CPU.ActiveCfg = Debug|Any CPU
		{70F4B313-C26C-4D10-929D-750497439F73}.Debug|Any CPU.Build.0 = Debug|Any CPU
		{70F4B313-C26C-4D10-929D-750497439F73}.Release|Any CPU.ActiveCfg = Release|Any CPU
		{70F4B313-C26C-4D10-929D-750497439F73}.Release|Any CPU.Build.0 = Release|Any CPU
		{30342C3E-DAB4-4E0F-91BA-497123F26700}.Debug|Any CPU.ActiveCfg = Debug|Any CPU
		{30342C3E-DAB4-4E0F-91BA-497123F26700}.Debug|Any CPU.Build.0 = Debug|Any CPU
		{30342C3E-DAB4-4E0F-91BA-497123F26700}.Release|Any CPU.ActiveCfg = Release|Any CPU
		{30342C3E-DAB4-4E0F-91BA-497123F26700}.Release|Any CPU.Build.0 = Release|Any CPU
		{899C5869-BD81-49BE-9C30-25520818094A}.Debug|Any CPU.ActiveCfg = Debug|Any CPU
		{899C5869-BD81-49BE-9C30-25520818094A}.Debug|Any CPU.Build.0 = Debug|Any CPU
		{899C5869-BD81-49BE-9C30-25520818094A}.Release|Any CPU.ActiveCfg = Release|Any CPU
		{899C5869-BD81-49BE-9C30-25520818094A}.Release|Any CPU.Build.0 = Release|Any CPU
		{C21D25A5-07D2-40BA-BC84-DB75BDC6A98B}.Debug|Any CPU.ActiveCfg = Debug|Any CPU
		{C21D25A5-07D2-40BA-BC84-DB75BDC6A98B}.Debug|Any CPU.Build.0 = Debug|Any CPU
		{C21D25A5-07D2-40BA-BC84-DB75BDC6A98B}.Release|Any CPU.ActiveCfg = Release|Any CPU
		{C21D25A5-07D2-40BA-BC84-DB75BDC6A98B}.Release|Any CPU.Build.0 = Release|Any CPU
		{7B1FC6F7-D94D-4533-B084-D6CDD46ADFEB}.Debug|Any CPU.ActiveCfg = Debug|Any CPU
		{7B1FC6F7-D94D-4533-B084-D6CDD46ADFEB}.Debug|Any CPU.Build.0 = Debug|Any CPU
		{7B1FC6F7-D94D-4533-B084-D6CDD46ADFEB}.Release|Any CPU.ActiveCfg = Release|Any CPU
		{7B1FC6F7-D94D-4533-B084-D6CDD46ADFEB}.Release|Any CPU.Build.0 = Release|Any CPU
	EndGlobalSection
	GlobalSection(SolutionProperties) = preSolution
		HideSolutionNode = FALSE
	EndGlobalSection
	GlobalSection(NestedProjects) = preSolution
		{E7A26133-E826-4561-AAB7-42576B473E46} = {116FB852-3218-4F7A-8C0B-29DCA6254278}
		{0B2A79E5-D8A7-4531-B24A-F4E9DE7E298D} = {CB080C02-EE64-4143-BAAF-7042B3AC4FDF}
		{C480B7EC-E2F1-46E6-B036-38A30B4CC7F1} = {961C3AE0-4A99-4BB8-918A-1EB7ABAC4B63}
		{126673FC-E8FF-407B-AE79-7C2E4C1E336E} = {D77D76AC-F1DA-42B7-9D7D-7620B41AB136}
		{6756575E-8138-47EE-A50B-66523809FA34} = {E8F3A872-A0FA-4FFC-BA19-055A25503963}
		{083C0C79-A67C-4AEF-BB09-B86E78776B38} = {961C3AE0-4A99-4BB8-918A-1EB7ABAC4B63}
		{8FDE084E-BA98-4084-9376-3654A68F733C} = {961C3AE0-4A99-4BB8-918A-1EB7ABAC4B63}
		{DE00CC59-4891-4171-B7AC-6C77BCECFB02} = {E8F3A872-A0FA-4FFC-BA19-055A25503963}
		{A0514926-E188-411E-8404-0119A41CF9DC} = {E8F3A872-A0FA-4FFC-BA19-055A25503963}
		{17FC4A14-F3FF-4AB9-A9B0-8F80DF6B9A03} = {E8F3A872-A0FA-4FFC-BA19-055A25503963}
		{F55435DC-4EDB-4394-9F06-5BC34249FF26} = {CB080C02-EE64-4143-BAAF-7042B3AC4FDF}
		{4E11E8D8-5761-453C-AD23-036BE76D0EA6} = {961C3AE0-4A99-4BB8-918A-1EB7ABAC4B63}
		{78E6A72C-AC8E-461C-9417-DA0283CC5FD4} = {CB080C02-EE64-4143-BAAF-7042B3AC4FDF}
		{30EB7A14-7228-4FD7-9AB0-660581C87CD6} = {79B9451F-6503-493A-AE7A-191E554AE0F1}
		{E8460A0E-B97B-42FD-A0E0-260353ECC879} = {99D064C5-01CE-4FE9-8766-7FB420A425F6}
		{BA264F51-3625-46A6-B501-325E911CE0E1} = {99D064C5-01CE-4FE9-8766-7FB420A425F6}
		{70F4B313-C26C-4D10-929D-750497439F73} = {99D064C5-01CE-4FE9-8766-7FB420A425F6}
		{30342C3E-DAB4-4E0F-91BA-497123F26700} = {99D064C5-01CE-4FE9-8766-7FB420A425F6}
		{899C5869-BD81-49BE-9C30-25520818094A} = {99D064C5-01CE-4FE9-8766-7FB420A425F6}
		{C21D25A5-07D2-40BA-BC84-DB75BDC6A98B} = {99D064C5-01CE-4FE9-8766-7FB420A425F6}
		{99D064C5-01CE-4FE9-8766-7FB420A425F6} = {E9D6A74A-06B9-41CB-85E2-069610C26862}
		{4579DCA9-ECB1-4FCA-8906-7FB521B68DCC} = {E9D6A74A-06B9-41CB-85E2-069610C26862}
		{7B1FC6F7-D94D-4533-B084-D6CDD46ADFEB} = {4579DCA9-ECB1-4FCA-8906-7FB521B68DCC}
	EndGlobalSection
	GlobalSection(ExtensibilityGlobals) = postSolution
		SolutionGuid = {C395DDAB-E6F1-4F30-9584-676D343A4715}
	EndGlobalSection
EndGlobal
